
Microsoft Visual Studio Solution File, Format Version 12.00
# Visual Studio Version 17
VisualStudioVersion = 17.1.32414.318
MinimumVisualStudioVersion = 10.0.40219.1
Project("{FAE04EC0-301F-11D3-BF4B-00C04F79EFBC}") = "Tarea", "Tarea\Tarea.csproj", "{993D2D7C-1A7A-40A9-A22F-8EE172911EAF}"
EndProject
Global
	GlobalSection(SolutionConfigurationPlatforms) = preSolution
		Debug|Any CPU = Debug|Any CPU
		Release|Any CPU = Release|Any CPU
	EndGlobalSection
	GlobalSection(ProjectConfigurationPlatforms) = postSolution
		{993D2D7C-1A7A-40A9-A22F-8EE172911EAF}.Debug|Any CPU.ActiveCfg = Debug|Any CPU
		{993D2D7C-1A7A-40A9-A22F-8EE172911EAF}.Debug|Any CPU.Build.0 = Debug|Any CPU
		{993D2D7C-1A7A-40A9-A22F-8EE172911EAF}.Release|Any CPU.ActiveCfg = Release|Any CPU
		{993D2D7C-1A7A-40A9-A22F-8EE172911EAF}.Release|Any CPU.Build.0 = Release|Any CPU
	EndGlobalSection
	GlobalSection(SolutionProperties) = preSolution
		HideSolutionNode = FALSE
	EndGlobalSection
	GlobalSection(ExtensibilityGlobals) = postSolution
		SolutionGuid = {98C1EF2B-C76D-4FA6-B277-E9FCBBF79D4E}
	EndGlobalSection
EndGlobal
